
Microsoft Visual Studio Solution File, Format Version 12.00
# Visual Studio 15
VisualStudioVersion = 15.0.27703.2042
MinimumVisualStudioVersion = 10.0.40219.1
Project("{FAE04EC0-301F-11D3-BF4B-00C04F79EFBC}") = "TrabalhoVoo", "..\..\..\Desktop\TrabalhoVoo\TrabalhoVoo.csproj", "{704B2976-00FD-4348-998E-29731F4A7A91}"
EndProject
Global
	GlobalSection(SolutionConfigurationPlatforms) = preSolution
		Debug|Any CPU = Debug|Any CPU
		Release|Any CPU = Release|Any CPU
	EndGlobalSection
	GlobalSection(ProjectConfigurationPlatforms) = postSolution
		{704B2976-00FD-4348-998E-29731F4A7A91}.Debug|Any CPU.ActiveCfg = Debug|Any CPU
		{704B2976-00FD-4348-998E-29731F4A7A91}.Debug|Any CPU.Build.0 = Debug|Any CPU
		{704B2976-00FD-4348-998E-29731F4A7A91}.Release|Any CPU.ActiveCfg = Release|Any CPU
		{704B2976-00FD-4348-998E-29731F4A7A91}.Release|Any CPU.Build.0 = Release|Any CPU
	EndGlobalSection
	GlobalSection(SolutionProperties) = preSolution
		HideSolutionNode = FALSE
	EndGlobalSection
	GlobalSection(ExtensibilityGlobals) = postSolution
		SolutionGuid = {00C8F9B3-34BC-45D7-BF5F-26E0E3BE013E}
	EndGlobalSection
EndGlobal
